
Microsoft Visual Studio Solution File, Format Version 10.00
# Visual Studio 2008
Project("{8BC9CEB8-8B4A-11D0-8D11-00A0C91BC942}") = "ClientMFC", "ClientMFC\ClientMFC.vcproj", "{22CAB3E9-1954-4C21-8093-C8141E938EF4}"
EndProject
Global
	GlobalSection(SolutionConfigurationPlatforms) = preSolution
		Debug|Win32 = Debug|Win32
		Release|Win32 = Release|Win32
	EndGlobalSection
	GlobalSection(ProjectConfigurationPlatforms) = postSolution
		{22CAB3E9-1954-4C21-8093-C8141E938EF4}.Debug|Win32.ActiveCfg = Debug|Win32
		{22CAB3E9-1954-4C21-8093-C8141E938EF4}.Debug|Win32.Build.0 = Debug|Win32
		{22CAB3E9-1954-4C21-8093-C8141E938EF4}.Release|Win32.ActiveCfg = Release|Win32
		{22CAB3E9-1954-4C21-8093-C8141E938EF4}.Release|Win32.Build.0 = Release|Win32
	EndGlobalSection
	GlobalSection(SolutionProperties) = preSolution
		HideSolutionNode = FALSE
	EndGlobalSection
EndGlobal
